
Microsoft Visual Studio Solution File, Format Version 12.00
# Visual Studio Version 16
VisualStudioVersion = 16.0.31613.86
MinimumVisualStudioVersion = 10.0.40219.1
Project("{FAE04EC0-301F-11D3-BF4B-00C04F79EFBC}") = "DevFreela", "DevFreela\DevFreela.csproj", "{63D27A32-0ACD-49D9-8090-511F08B39059}"
EndProject
Global
	GlobalSection(SolutionConfigurationPlatforms) = preSolution
		Debug|Any CPU = Debug|Any CPU
		Release|Any CPU = Release|Any CPU
	EndGlobalSection
	GlobalSection(ProjectConfigurationPlatforms) = postSolution
		{63D27A32-0ACD-49D9-8090-511F08B39059}.Debug|Any CPU.ActiveCfg = Debug|Any CPU
		{63D27A32-0ACD-49D9-8090-511F08B39059}.Debug|Any CPU.Build.0 = Debug|Any CPU
		{63D27A32-0ACD-49D9-8090-511F08B39059}.Release|Any CPU.ActiveCfg = Release|Any CPU
		{63D27A32-0ACD-49D9-8090-511F08B39059}.Release|Any CPU.Build.0 = Release|Any CPU
	EndGlobalSection
	GlobalSection(SolutionProperties) = preSolution
		HideSolutionNode = FALSE
	EndGlobalSection
	GlobalSection(ExtensibilityGlobals) = postSolution
		SolutionGuid = {01D8CAD1-7E59-40FB-A2DC-B5BC002A8C4D}
	EndGlobalSection
EndGlobal
